
Microsoft Visual Studio Solution File, Format Version 12.00
# Visual Studio Version 17
VisualStudioVersion = 17.5.33424.131
MinimumVisualStudioVersion = 10.0.40219.1
Project("{FAE04EC0-301F-11D3-BF4B-00C04F79EFBC}") = "Indiv", "Indiv.csproj", "{C5B6A739-C1BB-4A8F-807C-BA0C898DE369}"
EndProject
Global
	GlobalSection(SolutionConfigurationPlatforms) = preSolution
		Debug|Any CPU = Debug|Any CPU
		Release|Any CPU = Release|Any CPU
	EndGlobalSection
	GlobalSection(ProjectConfigurationPlatforms) = postSolution
		{C5B6A739-C1BB-4A8F-807C-BA0C898DE369}.Debug|Any CPU.ActiveCfg = Debug|Any CPU
		{C5B6A739-C1BB-4A8F-807C-BA0C898DE369}.Debug|Any CPU.Build.0 = Debug|Any CPU
		{C5B6A739-C1BB-4A8F-807C-BA0C898DE369}.Release|Any CPU.ActiveCfg = Release|Any CPU
		{C5B6A739-C1BB-4A8F-807C-BA0C898DE369}.Release|Any CPU.Build.0 = Release|Any CPU
	EndGlobalSection
	GlobalSection(SolutionProperties) = preSolution
		HideSolutionNode = FALSE
	EndGlobalSection
	GlobalSection(ExtensibilityGlobals) = postSolution
		SolutionGuid = {D4CF0473-A48C-4A27-8E2D-C3FC06899F27}
	EndGlobalSection
EndGlobal
